
Microsoft Visual Studio Solution File, Format Version 12.00
# Visual Studio Version 16
VisualStudioVersion = 16.0.30330.147
MinimumVisualStudioVersion = 10.0.40219.1
Project("{FAE04EC0-301F-11D3-BF4B-00C04F79EFBC}") = "HotelApp.API", "HotelApp\HotelApp.API.csproj", "{2889A7DA-5877-4640-A71B-646B588A30A1}"
EndProject
Global
	GlobalSection(SolutionConfigurationPlatforms) = preSolution
		Debug|Any CPU = Debug|Any CPU
		Release|Any CPU = Release|Any CPU
	EndGlobalSection
	GlobalSection(ProjectConfigurationPlatforms) = postSolution
		{2889A7DA-5877-4640-A71B-646B588A30A1}.Debug|Any CPU.ActiveCfg = Debug|Any CPU
		{2889A7DA-5877-4640-A71B-646B588A30A1}.Debug|Any CPU.Build.0 = Debug|Any CPU
		{2889A7DA-5877-4640-A71B-646B588A30A1}.Release|Any CPU.ActiveCfg = Release|Any CPU
		{2889A7DA-5877-4640-A71B-646B588A30A1}.Release|Any CPU.Build.0 = Release|Any CPU
	EndGlobalSection
	GlobalSection(SolutionProperties) = preSolution
		HideSolutionNode = FALSE
	EndGlobalSection
	GlobalSection(ExtensibilityGlobals) = postSolution
		SolutionGuid = {3FC44D70-EFCE-4113-B26A-146DA8FDD9F1}
	EndGlobalSection
EndGlobal
